
Microsoft Visual Studio Solution File, Format Version 12.00
# Visual Studio 15
VisualStudioVersion = 15.0.28307.1800
MinimumVisualStudioVersion = 10.0.40219.1
Project("{8BC9CEB8-8B4A-11D0-8D11-00A0C91BC942}") = "metamod", "metamod\metamod.vcxproj", "{02832A39-E902-46B7-8D47-911C37CF41B0}"
EndProject
Project("{8BC9CEB8-8B4A-11D0-8D11-00A0C91BC942}") = "fallguys", "fallguys\fallguys.vcxproj", "{B3CA76F7-55CF-4402-9DB6-93B0D3751DC0}"
	ProjectSection(ProjectDependencies) = postProject
		{B3CA76F7-55CF-4402-9DB6-93B0D3751DC1} = {B3CA76F7-55CF-4402-9DB6-93B0D3751DC1}
	EndProjectSection
EndProject
Project("{8BC9CEB8-8B4A-11D0-8D11-00A0C91BC942}") = "asext", "asext\asext.vcxproj", "{B3CA76F7-55CF-4402-9DB6-93B0D3751DC1}"
EndProject
Project("{8BC9CEB8-8B4A-11D0-8D11-00A0C91BC942}") = "ascurl", "ascurl\ascurl.vcxproj", "{B3CA76F7-55CF-4402-9DB6-93B0D3751DC3}"
	ProjectSection(ProjectDependencies) = postProject
		{B3CA76F7-55CF-4402-9DB6-93B0D3751DC1} = {B3CA76F7-55CF-4402-9DB6-93B0D3751DC1}
	EndProjectSection
EndProject
Project("{8BC9CEB8-8B4A-11D0-8D11-00A0C91BC942}") = "asqcvar", "asqcvar\asqcvar.vcxproj", "{B3CA76F7-55CF-4402-9DB6-93B0D3751DC8}"
	ProjectSection(ProjectDependencies) = postProject
		{B3CA76F7-55CF-4402-9DB6-93B0D3751DC1} = {B3CA76F7-55CF-4402-9DB6-93B0D3751DC1}
	EndProjectSection
EndProject
Project("{8BC9CEB8-8B4A-11D0-8D11-00A0C91BC942}") = "asusermsg", "asusermsg\asusermsg.vcxproj", "{B3CA76F7-55CF-4402-9DB6-93B0D3751DCA}"
EndProject
Global
	GlobalSection(SolutionConfigurationPlatforms) = preSolution
		Debug|Win32 = Debug|Win32
		Debug|x64 = Debug|x64
		Release|Win32 = Release|Win32
		Release|x64 = Release|x64
	EndGlobalSection
	GlobalSection(ProjectConfigurationPlatforms) = postSolution
		{02832A39-E902-46B7-8D47-911C37CF41B0}.Debug|Win32.ActiveCfg = Debug|Win32
		{02832A39-E902-46B7-8D47-911C37CF41B0}.Debug|Win32.Build.0 = Debug|Win32
		{02832A39-E902-46B7-8D47-911C37CF41B0}.Debug|x64.ActiveCfg = Debug|Win32
		{02832A39-E902-46B7-8D47-911C37CF41B0}.Release|Win32.ActiveCfg = Release|Win32
		{02832A39-E902-46B7-8D47-911C37CF41B0}.Release|Win32.Build.0 = Release|Win32
		{02832A39-E902-46B7-8D47-911C37CF41B0}.Release|x64.ActiveCfg = Release|Win32
		{B3CA76F7-55CF-4402-9DB6-93B0D3751DC0}.Debug|Win32.ActiveCfg = Debug|Win32
		{B3CA76F7-55CF-4402-9DB6-93B0D3751DC0}.Debug|Win32.Build.0 = Debug|Win32
		{B3CA76F7-55CF-4402-9DB6-93B0D3751DC0}.Debug|x64.ActiveCfg = Debug|Win32
		{B3CA76F7-55CF-4402-9DB6-93B0D3751DC0}.Release|Win32.ActiveCfg = Release|Win32
		{B3CA76F7-55CF-4402-9DB6-93B0D3751DC0}.Release|Win32.Build.0 = Release|Win32
		{B3CA76F7-55CF-4402-9DB6-93B0D3751DC0}.Release|x64.ActiveCfg = Release|Win32
		{B3CA76F7-55CF-4402-9DB6-93B0D3751DC1}.Debug|Win32.ActiveCfg = Debug|Win32
		{B3CA76F7-55CF-4402-9DB6-93B0D3751DC1}.Debug|Win32.Build.0 = Debug|Win32
		{B3CA76F7-55CF-4402-9DB6-93B0D3751DC1}.Debug|x64.ActiveCfg = Debug|Win32
		{B3CA76F7-55CF-4402-9DB6-93B0D3751DC1}.Release|Win32.ActiveCfg = Release|Win32
		{B3CA76F7-55CF-4402-9DB6-93B0D3751DC1}.Release|Win32.Build.0 = Release|Win32
		{B3CA76F7-55CF-4402-9DB6-93B0D3751DC1}.Release|x64.ActiveCfg = Release|Win32
		{B3CA76F7-55CF-4402-9DB6-93B0D3751DC3}.Debug|Win32.ActiveCfg = Debug|Win32
		{B3CA76F7-55CF-4402-9DB6-93B0D3751DC3}.Debug|Win32.Build.0 = Debug|Win32
		{B3CA76F7-55CF-4402-9DB6-93B0D3751DC3}.Debug|x64.ActiveCfg = Debug|Win32
		{B3CA76F7-55CF-4402-9DB6-93B0D3751DC3}.Release|Win32.ActiveCfg = Release|Win32
		{B3CA76F7-55CF-4402-9DB6-93B0D3751DC3}.Release|Win32.Build.0 = Release|Win32
		{B3CA76F7-55CF-4402-9DB6-93B0D3751DC3}.Release|x64.ActiveCfg = Release|Win32
		{B3CA76F7-55CF-4402-9DB6-93B0D3751DC8}.Debug|Win32.ActiveCfg = Debug|Win32
		{B3CA76F7-55CF-4402-9DB6-93B0D3751DC8}.Debug|Win32.Build.0 = Debug|Win32
		{B3CA76F7-55CF-4402-9DB6-93B0D3751DC8}.Debug|x64.ActiveCfg = Debug|Win32
		{B3CA76F7-55CF-4402-9DB6-93B0D3751DC8}.Release|Win32.ActiveCfg = Release|Win32
		{B3CA76F7-55CF-4402-9DB6-93B0D3751DC8}.Release|Win32.Build.0 = Release|Win32
		{B3CA76F7-55CF-4402-9DB6-93B0D3751DC8}.Release|x64.ActiveCfg = Release|Win32
		{B3CA76F7-55CF-4402-9DB6-93B0D3751DCA}.Debug|Win32.ActiveCfg = Debug|Win32
		{B3CA76F7-55CF-4402-9DB6-93B0D3751DCA}.Debug|Win32.Build.0 = Debug|Win32
		{B3CA76F7-55CF-4402-9DB6-93B0D3751DCA}.Debug|x64.ActiveCfg = Debug|Win32
		{B3CA76F7-55CF-4402-9DB6-93B0D3751DCA}.Release|Win32.ActiveCfg = Release|Win32
		{B3CA76F7-55CF-4402-9DB6-93B0D3751DCA}.Release|Win32.Build.0 = Release|Win32
		{B3CA76F7-55CF-4402-9DB6-93B0D3751DCA}.Release|x64.ActiveCfg = Release|Win32
	EndGlobalSection
	GlobalSection(SolutionProperties) = preSolution
		HideSolutionNode = FALSE
	EndGlobalSection
	GlobalSection(ExtensibilityGlobals) = postSolution
		SolutionGuid = {0F98902D-EB9F-4772-826F-877A39DC6EB2}
	EndGlobalSection
EndGlobal
