<?xml version="1.0" encoding="utf-8"?>
<Project ToolsVersion="4.0" xmlns="http://schemas.microsoft.com/developer/msbuild/2003">
  <ItemGroup>
    <ClCompile Include="dllapi.cpp">
      <Filter>Source</Filter>
    </ClCompile>
    <ClCompile Include="dllmain.cpp">
      <Filter>Source</Filter>
    </ClCompile>
    <ClCompile Include="engine_api.cpp">
      <Filter>Source</Filter>
    </ClCompile>
    <ClCompile Include="engine_hook.cpp">
      <Filter>Source</Filter>
    </ClCompile>
    <ClCompile Include="h_export.cpp">
      <Filter>Source</Filter>
    </ClCompile>
    <ClCompile Include="meta_api.cpp">
      <Filter>Source</Filter>
    </ClCompile>
    <ClCompile Include="server_hook.cpp">
      <Filter>Source</Filter>
    </ClCompile>
    <ClCompile Include="asusermsg.cpp">
      <Filter>Source</Filter>
    </ClCompile>
  </ItemGroup>
  <ItemGroup>
    <ClInclude Include="enginedef.h">
      <Filter>Header</Filter>
    </ClInclude>
    <ClInclude Include="signatures.h">
      <Filter>Header</Filter>
    </ClInclude>
    <ClInclude Include="serverdef.h">
      <Filter>Header</Filter>
    </ClInclude>
    <ClInclude Include="asusermsg.h">
      <Filter>Header</Filter>
    </ClInclude>
  </ItemGroup>
  <ItemGroup>
    <Filter Include="Source">
      <UniqueIdentifier>{093fb03a-8873-4347-b33b-5c37c8838c06}</UniqueIdentifier>
    </Filter>
    <Filter Include="Header">
      <UniqueIdentifier>{c5a3428e-ed70-44c9-90cb-d99149a81af9}</UniqueIdentifier>
    </Filter>
  </ItemGroup>
</Project>