<?xml version="1.0" encoding="utf-8"?>
<Project ToolsVersion="4.0" xmlns="http://schemas.microsoft.com/developer/msbuild/2003">
  <ItemGroup>
    <Filter Include="Source">
      <UniqueIdentifier>{4FC737F1-C7A5-4376-A066-2A32D752A2FF}</UniqueIdentifier>
      <Extensions>cpp;c;cc;cxx;def;odl;idl;hpj;bat;asm;asmx</Extensions>
    </Filter>
    <Filter Include="Header">
      <UniqueIdentifier>{93995380-89BD-4b04-88EB-625FBE52EBFB}</UniqueIdentifier>
      <Extensions>h;hh;hpp;hxx;hm;inl;inc;ipp;xsd</Extensions>
    </Filter>
  </ItemGroup>
  <ItemGroup>
    <ClCompile Include="dllapi.cpp">
      <Filter>Source</Filter>
    </ClCompile>
    <ClCompile Include="engine_api.cpp">
      <Filter>Source</Filter>
    </ClCompile>
    <ClCompile Include="h_export.cpp">
      <Filter>Source</Filter>
    </ClCompile>
    <ClCompile Include="meta_api.cpp">
      <Filter>Source</Filter>
    </ClCompile>
    <ClCompile Include="engine_hook.cpp">
      <Filter>Source</Filter>
    </ClCompile>
    <ClCompile Include="server_hook.cpp">
      <Filter>Source</Filter>
    </ClCompile>
    <ClCompile Include="fallguys.cpp">
      <Filter>Source</Filter>
    </ClCompile>
    <ClCompile Include="physics.cpp">
      <Filter>Source</Filter>
    </ClCompile>
    <ClCompile Include="dllmain.cpp">
      <Filter>Source</Filter>
    </ClCompile>
    <ClCompile Include="soundengine.cpp">
      <Filter>Source</Filter>
    </ClCompile>
  </ItemGroup>
  <ItemGroup>
    <ClInclude Include="enginedef.h">
      <Filter>Header</Filter>
    </ClInclude>
    <ClInclude Include="serverdef.h">
      <Filter>Header</Filter>
    </ClInclude>
    <ClInclude Include="signatures.h">
      <Filter>Header</Filter>
    </ClInclude>
    <ClInclude Include="physics.h">
      <Filter>Header</Filter>
    </ClInclude>
    <ClInclude Include="fallguys.h">
      <Filter>Header</Filter>
    </ClInclude>
    <ClInclude Include="soundengine.h">
      <Filter>Header</Filter>
    </ClInclude>
    <ClInclude Include="ehandle.h">
      <Filter>Header</Filter>
    </ClInclude>
  </ItemGroup>
</Project>